<?xml version="1.0" encoding="utf-8"?>
<Project ToolsVersion="4.0" xmlns="http://schemas.microsoft.com/developer/msbuild/2003">
  <ItemGroup>
    <Filter Include="Source Files">
      <UniqueIdentifier>{4FC737F1-C7A5-4376-A066-2A32D752A2FF}</UniqueIdentifier>
      <Extensions>cpp;c;cc;cxx;c++;cppm;ixx;def;odl;idl;hpj;bat;asm;asmx</Extensions>
    </Filter>
    <Filter Include="Header Files">
      <UniqueIdentifier>{93995380-89BD-4b04-88EB-625FBE52EBFB}</UniqueIdentifier>
      <Extensions>h;hh;hpp;hxx;h++;hm;inl;inc;ipp;xsd</Extensions>
    </Filter>
    <Filter Include="Resource Files">
      <UniqueIdentifier>{67DA6AB6-F800-4c08-8B7A-83BB121AAD01}</UniqueIdentifier>
      <Extensions>rc;ico;cur;bmp;dlg;rc2;rct;bin;rgs;gif;jpg;jpeg;jpe;resx;tiff;tif;png;wav;mfcribbon-ms</Extensions>
    </Filter>
    <Filter Include="Header Files\World">
      <UniqueIdentifier>{7c2eac04-0602-4dd9-928c-74e38516ffdd}</UniqueIdentifier>
    </Filter>
    <Filter Include="Header Files\Items">
      <UniqueIdentifier>{81997539-1c99-477d-9a17-e3d4842fadca}</UniqueIdentifier>
    </Filter>
    <Filter Include="Header Files\Sounds">
      <UniqueIdentifier>{2c3ed730-d7fd-41f2-afb1-564c946a6de3}</UniqueIdentifier>
    </Filter>
    <Filter Include="Header Files\Characters">
      <UniqueIdentifier>{46f127fa-4d7f-4176-bb23-60ec7b219fcd}</UniqueIdentifier>
    </Filter>
    <Filter Include="Header Files\Effects">
      <UniqueIdentifier>{7881835c-0038-4499-8f79-24afb5d7dc6b}</UniqueIdentifier>
    </Filter>
    <Filter Include="Header Files\Helpers">
      <UniqueIdentifier>{8ecab0d1-e484-411e-bed5-685cad36bd2b}</UniqueIdentifier>
    </Filter>
    <Filter Include="Header Files\Engine">
      <UniqueIdentifier>{cf345337-d6ce-4c9b-901d-1fd48a61f2a8}</UniqueIdentifier>
    </Filter>
    <Filter Include="Source Files\Items">
      <UniqueIdentifier>{9bdfc3c0-cced-4209-b89c-caa37cd8a046}</UniqueIdentifier>
    </Filter>
    <Filter Include="Source Files\Characters">
      <UniqueIdentifier>{632132e2-480d-4cae-b9aa-2f0c56c3ede8}</UniqueIdentifier>
    </Filter>
    <Filter Include="Source Files\Effects">
      <UniqueIdentifier>{f8ec9f38-a6f9-4314-8f69-508c4bea324a}</UniqueIdentifier>
    </Filter>
    <Filter Include="Source Files\Helpers">
      <UniqueIdentifier>{98a3934f-16d8-4787-ace3-76c7b5a7fb45}</UniqueIdentifier>
    </Filter>
    <Filter Include="Source Files\Engine">
      <UniqueIdentifier>{6c75ea7c-0cac-461f-9760-96ab0762070d}</UniqueIdentifier>
    </Filter>
    <Filter Include="Source Files\Sounds">
      <UniqueIdentifier>{4644de9b-9289-4189-b3c8-f4f0e2ab86cb}</UniqueIdentifier>
    </Filter>
    <Filter Include="Source Files\World">
      <UniqueIdentifier>{ddcb6043-f138-4690-bcf5-c9e628688239}</UniqueIdentifier>
    </Filter>
  </ItemGroup>
  <ItemGroup>
    <ClInclude Include="code\World.h">
      <Filter>Header Files\World</Filter>
    </ClInclude>
    <ClInclude Include="code\Chunk.h">
      <Filter>Header Files\World</Filter>
    </ClInclude>
    <ClInclude Include="code\Cell.h">
      <Filter>Header Files\World</Filter>
    </ClInclude>
    <ClInclude Include="code\Entity.h">
      <Filter>Header Files\World</Filter>
    </ClInclude>
    <ClInclude Include="code\NavBox.h">
      <Filter>Header Files\World</Filter>
    </ClInclude>
    <ClInclude Include="code\Item.h">
      <Filter>Header Files\Items</Filter>
    </ClInclude>
    <ClInclude Include="code\Loot.h">
      <Filter>Header Files\Items</Filter>
    </ClInclude>
    <ClInclude Include="code\Equipment.h">
      <Filter>Header Files\Items</Filter>
    </ClInclude>
    <ClInclude Include="code\Weapon.h">
      <Filter>Header Files\Items</Filter>
    </ClInclude>
    <ClInclude Include="code\SoundManager.h">
      <Filter>Header Files\Sounds</Filter>
    </ClInclude>
    <ClInclude Include="code\Character.h">
      <Filter>Header Files\Characters</Filter>
    </ClInclude>
    <ClInclude Include="code\Enemy.h">
      <Filter>Header Files\Characters</Filter>
    </ClInclude>
    <ClInclude Include="code\Player.h">
      <Filter>Header Files\Characters</Filter>
    </ClInclude>
    <ClInclude Include="code\DragonBoss.h">
      <Filter>Header Files\Characters</Filter>
    </ClInclude>
    <ClInclude Include="code\Decal.h">
      <Filter>Header Files\Effects</Filter>
    </ClInclude>
    <ClInclude Include="code\Particle.h">
      <Filter>Header Files\Effects</Filter>
    </ClInclude>
    <ClInclude Include="code\Spell.h">
      <Filter>Header Files\Effects</Filter>
    </ClInclude>
    <ClInclude Include="code\CollisionDetection.h">
      <Filter>Header Files\Helpers</Filter>
    </ClInclude>
    <ClInclude Include="code\TextureHolder.h">
      <Filter>Header Files\Helpers</Filter>
    </ClInclude>
    <ClInclude Include="code\Engine.h">
      <Filter>Header Files\Engine</Filter>
    </ClInclude>
    <ClInclude Include="code\TextHelper.hpp">
      <Filter>Header Files\Helpers</Filter>
    </ClInclude>
  </ItemGroup>
  <ItemGroup>
    <ClCompile Include="code\Main.cpp">
      <Filter>Source Files</Filter>
    </ClCompile>
    <ClCompile Include="code\Cell.cpp">
      <Filter>Source Files\World</Filter>
    </ClCompile>
    <ClCompile Include="code\World.cpp">
      <Filter>Source Files\World</Filter>
    </ClCompile>
    <ClCompile Include="code\Entity.cpp">
      <Filter>Source Files\World</Filter>
    </ClCompile>
    <ClCompile Include="code\NavBox.cpp">
      <Filter>Source Files\World</Filter>
    </ClCompile>
    <ClCompile Include="code\Chunk.cpp">
      <Filter>Source Files\World</Filter>
    </ClCompile>
    <ClCompile Include="code\SoundManager.cpp">
      <Filter>Source Files\Sounds</Filter>
    </ClCompile>
    <ClCompile Include="code\Engine.cpp">
      <Filter>Source Files\Engine</Filter>
    </ClCompile>
    <ClCompile Include="code\Draw.cpp">
      <Filter>Source Files\Engine</Filter>
    </ClCompile>
    <ClCompile Include="code\Update.cpp">
      <Filter>Source Files\Engine</Filter>
    </ClCompile>
    <ClCompile Include="code\Spell.cpp">
      <Filter>Source Files\Effects</Filter>
    </ClCompile>
    <ClCompile Include="code\Particle.cpp">
      <Filter>Source Files\Effects</Filter>
    </ClCompile>
    <ClCompile Include="code\Decal.cpp">
      <Filter>Source Files\Effects</Filter>
    </ClCompile>
    <ClCompile Include="code\Weapon.cpp">
      <Filter>Source Files\Items</Filter>
    </ClCompile>
    <ClCompile Include="code\Item.cpp">
      <Filter>Source Files\Items</Filter>
    </ClCompile>
    <ClCompile Include="code\Equipment.cpp">
      <Filter>Source Files\Items</Filter>
    </ClCompile>
    <ClCompile Include="code\Loot.cpp">
      <Filter>Source Files\Items</Filter>
    </ClCompile>
    <ClCompile Include="code\Inventory.cpp">
      <Filter>Source Files\Engine</Filter>
    </ClCompile>
    <ClCompile Include="code\Shop.cpp">
      <Filter>Source Files\Engine</Filter>
    </ClCompile>
    <ClCompile Include="code\Character.cpp">
      <Filter>Source Files\Characters</Filter>
    </ClCompile>
    <ClCompile Include="code\DragonBoss.cpp">
      <Filter>Source Files\Characters</Filter>
    </ClCompile>
    <ClCompile Include="code\Enemy.cpp">
      <Filter>Source Files\Characters</Filter>
    </ClCompile>
    <ClCompile Include="code\CollisionDetection.cpp">
      <Filter>Source Files\Helpers</Filter>
    </ClCompile>
    <ClCompile Include="code\TextureHolder.cpp">
      <Filter>Source Files\Helpers</Filter>
    </ClCompile>
    <ClCompile Include="code\Player.cpp">
      <Filter>Source Files\Characters</Filter>
    </ClCompile>
    <ClCompile Include="code\EnemyAI.cpp">
      <Filter>Source Files\Characters</Filter>
    </ClCompile>
    <ClCompile Include="code\UI.cpp">
      <Filter>Source Files\Engine</Filter>
    </ClCompile>
  </ItemGroup>
</Project>